
Microsoft Visual Studio Solution File, Format Version 12.00
# Visual Studio Version 17
VisualStudioVersion = 17.5.33516.290
MinimumVisualStudioVersion = 10.0.40219.1
Project("{FAE04EC0-301F-11D3-BF4B-00C04F79EFBC}") = "Inheritance", "Inheritance\Inheritance.csproj", "{B84FE408-0DAC-4956-9AF9-328414986A79}"
EndProject
Global
	GlobalSection(SolutionConfigurationPlatforms) = preSolution
		Debug|Any CPU = Debug|Any CPU
		Release|Any CPU = Release|Any CPU
	EndGlobalSection
	GlobalSection(ProjectConfigurationPlatforms) = postSolution
		{B84FE408-0DAC-4956-9AF9-328414986A79}.Debug|Any CPU.ActiveCfg = Debug|Any CPU
		{B84FE408-0DAC-4956-9AF9-328414986A79}.Debug|Any CPU.Build.0 = Debug|Any CPU
		{B84FE408-0DAC-4956-9AF9-328414986A79}.Release|Any CPU.ActiveCfg = Release|Any CPU
		{B84FE408-0DAC-4956-9AF9-328414986A79}.Release|Any CPU.Build.0 = Release|Any CPU
	EndGlobalSection
	GlobalSection(SolutionProperties) = preSolution
		HideSolutionNode = FALSE
	EndGlobalSection
	GlobalSection(ExtensibilityGlobals) = postSolution
		SolutionGuid = {8244A67C-4C35-4449-B626-304C55F7B680}
	EndGlobalSection
EndGlobal
