
Microsoft Visual Studio Solution File, Format Version 12.00
# Visual Studio Version 17
VisualStudioVersion = 17.5.33516.290
MinimumVisualStudioVersion = 10.0.40219.1
Project("{FAE04EC0-301F-11D3-BF4B-00C04F79EFBC}") = "Learning_WebApplication", "Learning_WebApplication\Learning_WebApplication.csproj", "{2AE71955-1470-458C-B5EF-D97621687923}"
EndProject
Global
	GlobalSection(SolutionConfigurationPlatforms) = preSolution
		Debug|Any CPU = Debug|Any CPU
		Release|Any CPU = Release|Any CPU
	EndGlobalSection
	GlobalSection(ProjectConfigurationPlatforms) = postSolution
		{2AE71955-1470-458C-B5EF-D97621687923}.Debug|Any CPU.ActiveCfg = Debug|Any CPU
		{2AE71955-1470-458C-B5EF-D97621687923}.Debug|Any CPU.Build.0 = Debug|Any CPU
		{2AE71955-1470-458C-B5EF-D97621687923}.Release|Any CPU.ActiveCfg = Release|Any CPU
		{2AE71955-1470-458C-B5EF-D97621687923}.Release|Any CPU.Build.0 = Release|Any CPU
	EndGlobalSection
	GlobalSection(SolutionProperties) = preSolution
		HideSolutionNode = FALSE
	EndGlobalSection
	GlobalSection(ExtensibilityGlobals) = postSolution
		SolutionGuid = {524CAD7C-3EEB-48D5-9CB1-B173BD3E16A9}
	EndGlobalSection
EndGlobal
