
Microsoft Visual Studio Solution File, Format Version 12.00
# Visual Studio Version 17
VisualStudioVersion = 17.8.34408.163
MinimumVisualStudioVersion = 10.0.40219.1
Project("{FAE04EC0-301F-11D3-BF4B-00C04F79EFBC}") = "GroupByLINQ", "GroupByLINQ\GroupByLINQ.csproj", "{A8E7F7C7-1FCB-4ACC-891A-D9F7E6333657}"
EndProject
Project("{FAE04EC0-301F-11D3-BF4B-00C04F79EFBC}") = "SelectLinq", "SelectLinq\SelectLinq.csproj", "{6D8CE547-3005-4F44-AAF7-8A6DF65063F7}"
EndProject
Global
	GlobalSection(SolutionConfigurationPlatforms) = preSolution
		Debug|Any CPU = Debug|Any CPU
		Release|Any CPU = Release|Any CPU
	EndGlobalSection
	GlobalSection(ProjectConfigurationPlatforms) = postSolution
		{A8E7F7C7-1FCB-4ACC-891A-D9F7E6333657}.Debug|Any CPU.ActiveCfg = Debug|Any CPU
		{A8E7F7C7-1FCB-4ACC-891A-D9F7E6333657}.Debug|Any CPU.Build.0 = Debug|Any CPU
		{A8E7F7C7-1FCB-4ACC-891A-D9F7E6333657}.Release|Any CPU.ActiveCfg = Release|Any CPU
		{A8E7F7C7-1FCB-4ACC-891A-D9F7E6333657}.Release|Any CPU.Build.0 = Release|Any CPU
		{6D8CE547-3005-4F44-AAF7-8A6DF65063F7}.Debug|Any CPU.ActiveCfg = Debug|Any CPU
		{6D8CE547-3005-4F44-AAF7-8A6DF65063F7}.Debug|Any CPU.Build.0 = Debug|Any CPU
		{6D8CE547-3005-4F44-AAF7-8A6DF65063F7}.Release|Any CPU.ActiveCfg = Release|Any CPU
		{6D8CE547-3005-4F44-AAF7-8A6DF65063F7}.Release|Any CPU.Build.0 = Release|Any CPU
	EndGlobalSection
	GlobalSection(SolutionProperties) = preSolution
		HideSolutionNode = FALSE
	EndGlobalSection
	GlobalSection(ExtensibilityGlobals) = postSolution
		SolutionGuid = {A86552BD-CD2A-4092-82B9-AFB1477470A9}
	EndGlobalSection
EndGlobal
